
Microsoft Visual Studio Solution File, Format Version 12.00
# Visual Studio Version 16
VisualStudioVersion = 16.0.34407.143
MinimumVisualStudioVersion = 10.0.40219.1
Project("{8BC9CEB8-8B4A-11D0-8D11-00A0C91BC942}") = "3.1.1", "3.1.1\3.1.1.vcxproj", "{D73BE839-9ADD-4D32-A79D-C603F1902538}"
EndProject
Global
	GlobalSection(SolutionConfigurationPlatforms) = preSolution
		Debug|x64 = Debug|x64
		Debug|x86 = Debug|x86
		Release|x64 = Release|x64
		Release|x86 = Release|x86
	EndGlobalSection
	GlobalSection(ProjectConfigurationPlatforms) = postSolution
		{D73BE839-9ADD-4D32-A79D-C603F1902538}.Debug|x64.ActiveCfg = Debug|x64
		{D73BE839-9ADD-4D32-A79D-C603F1902538}.Debug|x64.Build.0 = Debug|x64
		{D73BE839-9ADD-4D32-A79D-C603F1902538}.Debug|x86.ActiveCfg = Debug|Win32
		{D73BE839-9ADD-4D32-A79D-C603F1902538}.Debug|x86.Build.0 = Debug|Win32
		{D73BE839-9ADD-4D32-A79D-C603F1902538}.Release|x64.ActiveCfg = Release|x64
		{D73BE839-9ADD-4D32-A79D-C603F1902538}.Release|x64.Build.0 = Release|x64
		{D73BE839-9ADD-4D32-A79D-C603F1902538}.Release|x86.ActiveCfg = Release|Win32
		{D73BE839-9ADD-4D32-A79D-C603F1902538}.Release|x86.Build.0 = Release|Win32
	EndGlobalSection
	GlobalSection(SolutionProperties) = preSolution
		HideSolutionNode = FALSE
	EndGlobalSection
	GlobalSection(ExtensibilityGlobals) = postSolution
		SolutionGuid = {88CF6B15-5E0E-47CE-8C14-C95C05C0F20B}
	EndGlobalSection
EndGlobal
